
Microsoft Visual Studio Solution File, Format Version 12.00
# Visual Studio Version 17
VisualStudioVersion = 17.0.32112.339
MinimumVisualStudioVersion = 10.0.40219.1
Project("{FAE04EC0-301F-11D3-BF4B-00C04F79EFBC}") = "Windykator_PRO", "Windykator_PRO\Windykator_PRO.csproj", "{C230CBD7-696A-46C6-9E59-F57136CA962C}"
EndProject
Project("{2150E333-8FDC-42A3-9474-1A3956D46DE8}") = "Solution Items", "Solution Items", "{6DE937FB-7E5D-4D0E-9F15-B6849E0F7D73}"
	ProjectSection(SolutionItems) = preProject
		.gitignore = .gitignore
	EndProjectSection
EndProject
Global
	GlobalSection(SolutionConfigurationPlatforms) = preSolution
		Debug|Any CPU = Debug|Any CPU
		Release|Any CPU = Release|Any CPU
	EndGlobalSection
	GlobalSection(ProjectConfigurationPlatforms) = postSolution
		{C230CBD7-696A-46C6-9E59-F57136CA962C}.Debug|Any CPU.ActiveCfg = Debug|Any CPU
		{C230CBD7-696A-46C6-9E59-F57136CA962C}.Debug|Any CPU.Build.0 = Debug|Any CPU
		{C230CBD7-696A-46C6-9E59-F57136CA962C}.Release|Any CPU.ActiveCfg = Release|Any CPU
		{C230CBD7-696A-46C6-9E59-F57136CA962C}.Release|Any CPU.Build.0 = Release|Any CPU
	EndGlobalSection
	GlobalSection(SolutionProperties) = preSolution
		HideSolutionNode = FALSE
	EndGlobalSection
	GlobalSection(ExtensibilityGlobals) = postSolution
		SolutionGuid = {99A45667-1163-4993-AB6C-C861478B1AE9}
	EndGlobalSection
EndGlobal
